github.com/olbrew/hugo-hero-theme v0.0.0-20220131152229-3c577fbb2e5e h1:6Z+/EHmY+/TWuZ5BmNf0cj4OSTLRBj4O0OgyNpIan0w=
github.com/olbrew/hugo-hero-theme v0.0.0-20220131152229-3c577fbb2e5e/go.mod h1:xwRVJV9BEfuwm/IYXJ9MaiBCtdJkOUfGYD0BkfNWLks=
github.com/olbrew/hugo-hero-theme v0.0.0-20220203000320-cd127684ae1e h1:6TZhW0aMqRWmB88kiW3lwPPvg5Mrnww/EVA1GV+IFP8=
github.com/olbrew/hugo-hero-theme v0.0.0-20220203000320-cd127684ae1e/go.mod h1:xwRVJV9BEfuwm/IYXJ9MaiBCtdJkOUfGYD0BkfNWLks=
github.com/olbrew/hugo-hero-theme v0.0.0-20220304142010-a1e0a2ca793e h1:8+vcH105PhXd6DYL35wLHWcas2FP3CP1Dt7BpNLcJEA=
github.com/olbrew/hugo-hero-theme v0.0.0-20220304142010-a1e0a2ca793e/go.mod h1:xwRVJV9BEfuwm/IYXJ9MaiBCtdJkOUfGYD0BkfNWLks=
github.com/olbrew/hugo-hero-theme v0.0.0-20221009233855-d9a7a12f240d h1:Tv/xPZc+vHvLeZgAx327SV4p8zuX+IKcQIsKt7DE3DE=
github.com/olbrew/hugo-hero-theme v0.0.0-20221009233855-d9a7a12f240d/go.mod h1:xwRVJV9BEfuwm/IYXJ9MaiBCtdJkOUfGYD0BkfNWLks=
github.com/olbrew/hugo-hero-theme v0.0.0-20230322233211-1929b6ecb9f0 h1:2ocGsCwoMuZ4SCV/6oRKJ7qZ1Dw3N24PCJDgGSw75iU=
github.com/olbrew/hugo-hero-theme v0.0.0-20230322233211-1929b6ecb9f0/go.mod h1:xwRVJV9BEfuwm/IYXJ9MaiBCtdJkOUfGYD0BkfNWLks=
github.com/olbrew/hugo-hero-theme v0.0.0-20230323143802-c9826a93bbfe h1:0dpVdQ92hhWwkKvWc8FhME1K0yEhSaZ724hHQcuQFAs=
github.com/olbrew/hugo-hero-theme v0.0.0-20230323143802-c9826a93bbfe/go.mod h1:xwRVJV9BEfuwm/IYXJ9MaiBCtdJkOUfGYD0BkfNWLks=
github.com/olbrew/hugo-hero-theme v0.0.0-20230330222030-c099f5ce910f h1:tAmkKyR4vnfY39mBYx5IPR/jtczg/q1mhgaziX85UTI=
github.com/olbrew/hugo-hero-theme v0.0.0-20230330222030-c099f5ce910f/go.mod h1:xwRVJV9BEfuwm/IYXJ9MaiBCtdJkOUfGYD0BkfNWLks=
github.com/olbrew/hugo-hero-theme v0.0.0-20231215230355-4a0d976dbd7a h1:+NJRzvsc6yRDmBSiFU1gHrV3gzJmOBDPUscO/v9oAXo=
github.com/olbrew/hugo-hero-theme v0.0.0-20231215230355-4a0d976dbd7a/go.mod h1:xwRVJV9BEfuwm/IYXJ9MaiBCtdJkOUfGYD0BkfNWLks=
